
Microsoft Visual Studio Solution File, Format Version 12.00
# Visual Studio Version 17
VisualStudioVersion = 17.12.35707.178
MinimumVisualStudioVersion = 10.0.40219.1
Project("{FAE04EC0-301F-11D3-BF4B-00C04F79EFBC}") = "TalktuahCommunicaterServer", "..\TalktuahCommunicaterServer\TalktuahCommunicaterServer.csproj", "{71BA6A31-BBA8-41BC-841B-D7715E048A8B}"
EndProject
Project("{FAE04EC0-301F-11D3-BF4B-00C04F79EFBC}") = "TalktuahCommunicaterClient", "..\TalktuahCommunicaterClient\TalktuahCommunicaterClient.csproj", "{9104684B-64D4-4093-9501-6A0066C287FA}"
EndProject
Global
	GlobalSection(SolutionConfigurationPlatforms) = preSolution
		Debug|Any CPU = Debug|Any CPU
		Release|Any CPU = Release|Any CPU
	EndGlobalSection
	GlobalSection(ProjectConfigurationPlatforms) = postSolution
		{71BA6A31-BBA8-41BC-841B-D7715E048A8B}.Debug|Any CPU.ActiveCfg = Debug|Any CPU
		{71BA6A31-BBA8-41BC-841B-D7715E048A8B}.Debug|Any CPU.Build.0 = Debug|Any CPU
		{71BA6A31-BBA8-41BC-841B-D7715E048A8B}.Release|Any CPU.ActiveCfg = Release|Any CPU
		{71BA6A31-BBA8-41BC-841B-D7715E048A8B}.Release|Any CPU.Build.0 = Release|Any CPU
		{9104684B-64D4-4093-9501-6A0066C287FA}.Debug|Any CPU.ActiveCfg = Debug|Any CPU
		{9104684B-64D4-4093-9501-6A0066C287FA}.Debug|Any CPU.Build.0 = Debug|Any CPU
		{9104684B-64D4-4093-9501-6A0066C287FA}.Release|Any CPU.ActiveCfg = Release|Any CPU
		{9104684B-64D4-4093-9501-6A0066C287FA}.Release|Any CPU.Build.0 = Release|Any CPU
	EndGlobalSection
	GlobalSection(SolutionProperties) = preSolution
		HideSolutionNode = FALSE
	EndGlobalSection
EndGlobal
